
Microsoft Visual Studio Solution File, Format Version 12.00
# Visual Studio Version 17
VisualStudioVersion = 17.10.35013.160
MinimumVisualStudioVersion = 10.0.40219.1
Project("{FAE04EC0-301F-11D3-BF4B-00C04F79EFBC}") = "DotNetDay1", "DotNetDay1\DotNetDay1.csproj", "{DE4A752D-B989-4E20-BA76-309C9FA4C97A}"
EndProject
Global
	GlobalSection(SolutionConfigurationPlatforms) = preSolution
		Debug|Any CPU = Debug|Any CPU
		Release|Any CPU = Release|Any CPU
	EndGlobalSection
	GlobalSection(ProjectConfigurationPlatforms) = postSolution
		{DE4A752D-B989-4E20-BA76-309C9FA4C97A}.Debug|Any CPU.ActiveCfg = Debug|Any CPU
		{DE4A752D-B989-4E20-BA76-309C9FA4C97A}.Debug|Any CPU.Build.0 = Debug|Any CPU
		{DE4A752D-B989-4E20-BA76-309C9FA4C97A}.Release|Any CPU.ActiveCfg = Release|Any CPU
		{DE4A752D-B989-4E20-BA76-309C9FA4C97A}.Release|Any CPU.Build.0 = Release|Any CPU
	EndGlobalSection
	GlobalSection(SolutionProperties) = preSolution
		HideSolutionNode = FALSE
	EndGlobalSection
	GlobalSection(ExtensibilityGlobals) = postSolution
		SolutionGuid = {11B8F7B0-9EDA-408C-9373-25323C87FD04}
	EndGlobalSection
EndGlobal
